
Microsoft Visual Studio Solution File, Format Version 12.00
# Visual Studio Version 16
VisualStudioVersion = 16.0.31321.278
MinimumVisualStudioVersion = 10.0.40219.1
Project("{FAE04EC0-301F-11D3-BF4B-00C04F79EFBC}") = "BlockHartNftWebsite", "BlockHartNftWebsite\BlockHartNftWebsite.csproj", "{40CE0DF4-DE9A-4689-864A-EB6674B4A7AE}"
EndProject
Project("{FAE04EC0-301F-11D3-BF4B-00C04F79EFBC}") = "DAL", "DAL\DAL.csproj", "{CC11B610-DCAB-4326-AC2F-82D21E865441}"
EndProject
Global
	GlobalSection(SolutionConfigurationPlatforms) = preSolution
		Debug|Any CPU = Debug|Any CPU
		Release|Any CPU = Release|Any CPU
	EndGlobalSection
	GlobalSection(ProjectConfigurationPlatforms) = postSolution
		{40CE0DF4-DE9A-4689-864A-EB6674B4A7AE}.Debug|Any CPU.ActiveCfg = Debug|Any CPU
		{40CE0DF4-DE9A-4689-864A-EB6674B4A7AE}.Debug|Any CPU.Build.0 = Debug|Any CPU
		{40CE0DF4-DE9A-4689-864A-EB6674B4A7AE}.Release|Any CPU.ActiveCfg = Release|Any CPU
		{40CE0DF4-DE9A-4689-864A-EB6674B4A7AE}.Release|Any CPU.Build.0 = Release|Any CPU
		{CC11B610-DCAB-4326-AC2F-82D21E865441}.Debug|Any CPU.ActiveCfg = Debug|Any CPU
		{CC11B610-DCAB-4326-AC2F-82D21E865441}.Debug|Any CPU.Build.0 = Debug|Any CPU
		{CC11B610-DCAB-4326-AC2F-82D21E865441}.Release|Any CPU.ActiveCfg = Release|Any CPU
		{CC11B610-DCAB-4326-AC2F-82D21E865441}.Release|Any CPU.Build.0 = Release|Any CPU
	EndGlobalSection
	GlobalSection(SolutionProperties) = preSolution
		HideSolutionNode = FALSE
	EndGlobalSection
	GlobalSection(ExtensibilityGlobals) = postSolution
		SolutionGuid = {E7AFF1EA-6010-4F6A-A048-2D48D549F23F}
	EndGlobalSection
EndGlobal
